// !$*UTF8*$!
{
	archiveVersion = 1;
	classes = {
	};
	objectVersion = 56;
	objects = {

/* Begin PBXBuildFile section */
		79623F482B331BA600B8CADA /* LoveKnotApp.swift in Sources */ = {isa = PBXBuildFile; fileRef = 79623F472B331BA600B8CADA /* LoveKnotApp.swift */; };
		79623F4C2B331BA700B8CADA /* Assets.xcassets in Resources */ = {isa = PBXBuildFile; fileRef = 79623F4B2B331BA700B8CADA /* Assets.xcassets */; };
		79623F4F2B331BA700B8CADA /* Preview Assets.xcassets in Resources */ = {isa = PBXBuildFile; fileRef = 79623F4E2B331BA700B8CADA /* Preview Assets.xcassets */; };
		79623F592B331BA700B8CADA /* LoveKnotTests.swift in Sources */ = {isa = PBXBuildFile; fileRef = 79623F582B331BA700B8CADA /* LoveKnotTests.swift */; };
		79623F632B331BA700B8CADA /* LoveKnotUITests.swift in Sources */ = {isa = PBXBuildFile; fileRef = 79623F622B331BA700B8CADA /* LoveKnotUITests.swift */; };
		79623F652B331BA700B8CADA /* LoveKnotUITestsLaunchTests.swift in Sources */ = {isa = PBXBuildFile; fileRef = 79623F642B331BA700B8CADA /* LoveKnotUITestsLaunchTests.swift */; };
		79623F742B331BDB00B8CADA /* LaunchScreenStateManager.swift in Sources */ = {isa = PBXBuildFile; fileRef = 79623F712B331BDB00B8CADA /* LaunchScreenStateManager.swift */; };
		79623F752B331BDB00B8CADA /* LaunchScreenStep.swift in Sources */ = {isa = PBXBuildFile; fileRef = 79623F722B331BDB00B8CADA /* LaunchScreenStep.swift */; };
		79623F762B331BDB00B8CADA /* SplashView.swift in Sources */ = {isa = PBXBuildFile; fileRef = 79623F732B331BDB00B8CADA /* SplashView.swift */; };
		79623F7A2B331D8E00B8CADA /* LoginView.swift in Sources */ = {isa = PBXBuildFile; fileRef = 79623F792B331D8E00B8CADA /* LoginView.swift */; };
		79623F7C2B331DAC00B8CADA /* HomeView.swift in Sources */ = {isa = PBXBuildFile; fileRef = 79623F7B2B331DAC00B8CADA /* HomeView.swift */; };
		79623F812B331DB800B8CADA /* Style.swift in Sources */ = {isa = PBXBuildFile; fileRef = 79623F7E2B331DB800B8CADA /* Style.swift */; };
		79623F822B331DB800B8CADA /* TabView.swift in Sources */ = {isa = PBXBuildFile; fileRef = 79623F802B331DB800B8CADA /* TabView.swift */; };
		79623F862B33589800B8CADA /* PrimaryButton.swift in Sources */ = {isa = PBXBuildFile; fileRef = 79623F852B33589800B8CADA /* PrimaryButton.swift */; };
		79623F882B33816100B8CADA /* CarouselView.swift in Sources */ = {isa = PBXBuildFile; fileRef = 79623F872B33816100B8CADA /* CarouselView.swift */; };
		79623F8A2B3442E300B8CADA /* Image.swift in Sources */ = {isa = PBXBuildFile; fileRef = 79623F892B3442E300B8CADA /* Image.swift */; };
		79623F8C2B34BD5E00B8CADA /* GridView.swift in Sources */ = {isa = PBXBuildFile; fileRef = 79623F8B2B34BD5E00B8CADA /* GridView.swift */; };
		79623F8E2B34D5EB00B8CADA /* HomeScreenViewModel.swift in Sources */ = {isa = PBXBuildFile; fileRef = 79623F8D2B34D5EB00B8CADA /* HomeScreenViewModel.swift */; };
/* End PBXBuildFile section */

/* Begin PBXContainerItemProxy section */
		79623F552B331BA700B8CADA /* PBXContainerItemProxy */ = {
			isa = PBXContainerItemProxy;
			containerPortal = 79623F3C2B331BA600B8CADA /* Project object */;
			proxyType = 1;
			remoteGlobalIDString = 79623F432B331BA600B8CADA;
			remoteInfo = LoveKnot;
		};
		79623F5F2B331BA700B8CADA /* PBXContainerItemProxy */ = {
			isa = PBXContainerItemProxy;
			containerPortal = 79623F3C2B331BA600B8CADA /* Project object */;
			proxyType = 1;
			remoteGlobalIDString = 79623F432B331BA600B8CADA;
			remoteInfo = LoveKnot;
		};
/* End PBXContainerItemProxy section */

/* Begin PBXFileReference section */
		79623F442B331BA600B8CADA /* LoveKnot.app */ = {isa = PBXFileReference; explicitFileType = wrapper.application; includeInIndex = 0; path = LoveKnot.app; sourceTree = BUILT_PRODUCTS_DIR; };
		79623F472B331BA600B8CADA /* LoveKnotApp.swift */ = {isa = PBXFileReference; lastKnownFileType = sourcecode.swift; path = LoveKnotApp.swift; sourceTree = "<group>"; };
		79623F4B2B331BA700B8CADA /* Assets.xcassets */ = {isa = PBXFileReference; lastKnownFileType = folder.assetcatalog; path = Assets.xcassets; sourceTree = "<group>"; };
		79623F4E2B331BA700B8CADA /* Preview Assets.xcassets */ = {isa = PBXFileReference; lastKnownFileType = folder.assetcatalog; path = "Preview Assets.xcassets"; sourceTree = "<group>"; };
		79623F542B331BA700B8CADA /* LoveKnotTests.xctest */ = {isa = PBXFileReference; explicitFileType = wrapper.cfbundle; includeInIndex = 0; path = LoveKnotTests.xctest; sourceTree = BUILT_PRODUCTS_DIR; };
		79623F582B331BA700B8CADA /* LoveKnotTests.swift */ = {isa = PBXFileReference; lastKnownFileType = sourcecode.swift; path = LoveKnotTests.swift; sourceTree = "<group>"; };
		79623F5E2B331BA700B8CADA /* LoveKnotUITests.xctest */ = {isa = PBXFileReference; explicitFileType = wrapper.cfbundle; includeInIndex = 0; path = LoveKnotUITests.xctest; sourceTree = BUILT_PRODUCTS_DIR; };
		79623F622B331BA700B8CADA /* LoveKnotUITests.swift */ = {isa = PBXFileReference; lastKnownFileType = sourcecode.swift; path = LoveKnotUITests.swift; sourceTree = "<group>"; };
		79623F642B331BA700B8CADA /* LoveKnotUITestsLaunchTests.swift */ = {isa = PBXFileReference; lastKnownFileType = sourcecode.swift; path = LoveKnotUITestsLaunchTests.swift; sourceTree = "<group>"; };
		79623F712B331BDB00B8CADA /* LaunchScreenStateManager.swift */ = {isa = PBXFileReference; fileEncoding = 4; lastKnownFileType = sourcecode.swift; path = LaunchScreenStateManager.swift; sourceTree = "<group>"; };
		79623F722B331BDB00B8CADA /* LaunchScreenStep.swift */ = {isa = PBXFileReference; fileEncoding = 4; lastKnownFileType = sourcecode.swift; path = LaunchScreenStep.swift; sourceTree = "<group>"; };
		79623F732B331BDB00B8CADA /* SplashView.swift */ = {isa = PBXFileReference; fileEncoding = 4; lastKnownFileType = sourcecode.swift; path = SplashView.swift; sourceTree = "<group>"; };
		79623F792B331D8E00B8CADA /* LoginView.swift */ = {isa = PBXFileReference; fileEncoding = 4; lastKnownFileType = sourcecode.swift; path = LoginView.swift; sourceTree = "<group>"; };
		79623F7B2B331DAC00B8CADA /* HomeView.swift */ = {isa = PBXFileReference; fileEncoding = 4; lastKnownFileType = sourcecode.swift; path = HomeView.swift; sourceTree = "<group>"; };
		79623F7E2B331DB800B8CADA /* Style.swift */ = {isa = PBXFileReference; fileEncoding = 4; lastKnownFileType = sourcecode.swift; path = Style.swift; sourceTree = "<group>"; };
		79623F802B331DB800B8CADA /* TabView.swift */ = {isa = PBXFileReference; fileEncoding = 4; lastKnownFileType = sourcecode.swift; path = TabView.swift; sourceTree = "<group>"; };
		79623F852B33589800B8CADA /* PrimaryButton.swift */ = {isa = PBXFileReference; lastKnownFileType = sourcecode.swift; path = PrimaryButton.swift; sourceTree = "<group>"; };
		79623F872B33816100B8CADA /* CarouselView.swift */ = {isa = PBXFileReference; lastKnownFileType = sourcecode.swift; path = CarouselView.swift; sourceTree = "<group>"; };
		79623F892B3442E300B8CADA /* Image.swift */ = {isa = PBXFileReference; lastKnownFileType = sourcecode.swift; path = Image.swift; sourceTree = "<group>"; };
		79623F8B2B34BD5E00B8CADA /* GridView.swift */ = {isa = PBXFileReference; lastKnownFileType = sourcecode.swift; path = GridView.swift; sourceTree = "<group>"; };
		79623F8D2B34D5EB00B8CADA /* HomeScreenViewModel.swift */ = {isa = PBXFileReference; lastKnownFileType = sourcecode.swift; path = HomeScreenViewModel.swift; sourceTree = "<group>"; };
/* End PBXFileReference section */

/* Begin PBXFrameworksBuildPhase section */
		79623F412B331BA600B8CADA /* Frameworks */ = {
			isa = PBXFrameworksBuildPhase;
			buildActionMask = 2147483647;
			files = (
			);
			runOnlyForDeploymentPostprocessing = 0;
		};
		79623F512B331BA700B8CADA /* Frameworks */ = {
			isa = PBXFrameworksBuildPhase;
			buildActionMask = 2147483647;
			files = (
			);
			runOnlyForDeploymentPostprocessing = 0;
		};
		79623F5B2B331BA700B8CADA /* Frameworks */ = {
			isa = PBXFrameworksBuildPhase;
			buildActionMask = 2147483647;
			files = (
			);
			runOnlyForDeploymentPostprocessing = 0;
		};
/* End PBXFrameworksBuildPhase section */

/* Begin PBXGroup section */
		79623F3B2B331BA600B8CADA = {
			isa = PBXGroup;
			children = (
				79623F462B331BA600B8CADA /* LoveKnot */,
				79623F572B331BA700B8CADA /* LoveKnotTests */,
				79623F612B331BA700B8CADA /* LoveKnotUITests */,
				79623F452B331BA600B8CADA /* Products */,
			);
			sourceTree = "<group>";
		};
		79623F452B331BA600B8CADA /* Products */ = {
			isa = PBXGroup;
			children = (
				79623F442B331BA600B8CADA /* LoveKnot.app */,
				79623F542B331BA700B8CADA /* LoveKnotTests.xctest */,
				79623F5E2B331BA700B8CADA /* LoveKnotUITests.xctest */,
			);
			name = Products;
			sourceTree = "<group>";
		};
		79623F462B331BA600B8CADA /* LoveKnot */ = {
			isa = PBXGroup;
			children = (
				79623F472B331BA600B8CADA /* LoveKnotApp.swift */,
				79623F832B331E1200B8CADA /* LandingScreen */,
				79623F782B331D8E00B8CADA /* Login */,
				79623F7D2B331DB800B8CADA /* Style */,
				79623F7F2B331DB800B8CADA /* TabView */,
				79623F842B33588300B8CADA /* Buttons */,
				79623F772B331CBF00B8CADA /* Splash */,
				79623F4B2B331BA700B8CADA /* Assets.xcassets */,
				79623F4D2B331BA700B8CADA /* Preview Content */,
			);
			path = LoveKnot;
			sourceTree = "<group>";
		};
		79623F4D2B331BA700B8CADA /* Preview Content */ = {
			isa = PBXGroup;
			children = (
				79623F4E2B331BA700B8CADA /* Preview Assets.xcassets */,
			);
			path = "Preview Content";
			sourceTree = "<group>";
		};
		79623F572B331BA700B8CADA /* LoveKnotTests */ = {
			isa = PBXGroup;
			children = (
				79623F582B331BA700B8CADA /* LoveKnotTests.swift */,
			);
			path = LoveKnotTests;
			sourceTree = "<group>";
		};
		79623F612B331BA700B8CADA /* LoveKnotUITests */ = {
			isa = PBXGroup;
			children = (
				79623F622B331BA700B8CADA /* LoveKnotUITests.swift */,
				79623F642B331BA700B8CADA /* LoveKnotUITestsLaunchTests.swift */,
			);
			path = LoveKnotUITests;
			sourceTree = "<group>";
		};
		79623F772B331CBF00B8CADA /* Splash */ = {
			isa = PBXGroup;
			children = (
				79623F712B331BDB00B8CADA /* LaunchScreenStateManager.swift */,
				79623F722B331BDB00B8CADA /* LaunchScreenStep.swift */,
				79623F732B331BDB00B8CADA /* SplashView.swift */,
			);
			path = Splash;
			sourceTree = "<group>";
		};
		79623F782B331D8E00B8CADA /* Login */ = {
			isa = PBXGroup;
			children = (
				79623F792B331D8E00B8CADA /* LoginView.swift */,
			);
			path = Login;
			sourceTree = "<group>";
		};
		79623F7D2B331DB800B8CADA /* Style */ = {
			isa = PBXGroup;
			children = (
				79623F7E2B331DB800B8CADA /* Style.swift */,
				79623F892B3442E300B8CADA /* Image.swift */,
			);
			path = Style;
			sourceTree = "<group>";
		};
		79623F7F2B331DB800B8CADA /* TabView */ = {
			isa = PBXGroup;
			children = (
				79623F802B331DB800B8CADA /* TabView.swift */,
			);
			path = TabView;
			sourceTree = "<group>";
		};
		79623F832B331E1200B8CADA /* LandingScreen */ = {
			isa = PBXGroup;
			children = (
				79623F7B2B331DAC00B8CADA /* HomeView.swift */,
				79623F8D2B34D5EB00B8CADA /* HomeScreenViewModel.swift */,
				79623F872B33816100B8CADA /* CarouselView.swift */,
				79623F8B2B34BD5E00B8CADA /* GridView.swift */,
			);
			path = LandingScreen;
			sourceTree = "<group>";
		};
		79623F842B33588300B8CADA /* Buttons */ = {
			isa = PBXGroup;
			children = (
				79623F852B33589800B8CADA /* PrimaryButton.swift */,
			);
			path = Buttons;
			sourceTree = "<group>";
		};
/* End PBXGroup section */

/* Begin PBXNativeTarget section */
		79623F432B331BA600B8CADA /* LoveKnot */ = {
			isa = PBXNativeTarget;
			buildConfigurationList = 79623F682B331BA700B8CADA /* Build configuration list for PBXNativeTarget "LoveKnot" */;
			buildPhases = (
				79623F402B331BA600B8CADA /* Sources */,
				79623F412B331BA600B8CADA /* Frameworks */,
				79623F422B331BA600B8CADA /* Resources */,
			);
			buildRules = (
			);
			dependencies = (
			);
			name = LoveKnot;
			productName = LoveKnot;
			productReference = 79623F442B331BA600B8CADA /* LoveKnot.app */;
			productType = "com.apple.product-type.application";
		};
		79623F532B331BA700B8CADA /* LoveKnotTests */ = {
			isa = PBXNativeTarget;
			buildConfigurationList = 79623F6B2B331BA700B8CADA /* Build configuration list for PBXNativeTarget "LoveKnotTests" */;
			buildPhases = (
				79623F502B331BA700B8CADA /* Sources */,
				79623F512B331BA700B8CADA /* Frameworks */,
				79623F522B331BA700B8CADA /* Resources */,
			);
			buildRules = (
			);
			dependencies = (
				79623F562B331BA700B8CADA /* PBXTargetDependency */,
			);
			name = LoveKnotTests;
			productName = LoveKnotTests;
			productReference = 79623F542B331BA700B8CADA /* LoveKnotTests.xctest */;
			productType = "com.apple.product-type.bundle.unit-test";
		};
		79623F5D2B331BA700B8CADA /* LoveKnotUITests */ = {
			isa = PBXNativeTarget;
			buildConfigurationList = 79623F6E2B331BA700B8CADA /* Build configuration list for PBXNativeTarget "LoveKnotUITests" */;
			buildPhases = (
				79623F5A2B331BA700B8CADA /* Sources */,
				79623F5B2B331BA700B8CADA /* Frameworks */,
				79623F5C2B331BA700B8CADA /* Resources */,
			);
			buildRules = (
			);
			dependencies = (
				79623F602B331BA700B8CADA /* PBXTargetDependency */,
			);
			name = LoveKnotUITests;
			productName = LoveKnotUITests;
			productReference = 79623F5E2B331BA700B8CADA /* LoveKnotUITests.xctest */;
			productType = "com.apple.product-type.bundle.ui-testing";
		};
/* End PBXNativeTarget section */

/* Begin PBXProject section */
		79623F3C2B331BA600B8CADA /* Project object */ = {
			isa = PBXProject;
			attributes = {
				BuildIndependentTargetsInParallel = 1;
				LastSwiftUpdateCheck = 1430;
				LastUpgradeCheck = 1430;
				TargetAttributes = {
					79623F432B331BA600B8CADA = {
						CreatedOnToolsVersion = 14.3;
					};
					79623F532B331BA700B8CADA = {
						CreatedOnToolsVersion = 14.3;
						TestTargetID = 79623F432B331BA600B8CADA;
					};
					79623F5D2B331BA700B8CADA = {
						CreatedOnToolsVersion = 14.3;
						TestTargetID = 79623F432B331BA600B8CADA;
					};
				};
			};
			buildConfigurationList = 79623F3F2B331BA600B8CADA /* Build configuration list for PBXProject "LoveKnot" */;
			compatibilityVersion = "Xcode 14.0";
			developmentRegion = en;
			hasScannedForEncodings = 0;
			knownRegions = (
				en,
				Base,
			);
			mainGroup = 79623F3B2B331BA600B8CADA;
			productRefGroup = 79623F452B331BA600B8CADA /* Products */;
			projectDirPath = "";
			projectRoot = "";
			targets = (
				79623F432B331BA600B8CADA /* LoveKnot */,
				79623F532B331BA700B8CADA /* LoveKnotTests */,
				79623F5D2B331BA700B8CADA /* LoveKnotUITests */,
			);
		};
/* End PBXProject section */

/* Begin PBXResourcesBuildPhase section */
		79623F422B331BA600B8CADA /* Resources */ = {
			isa = PBXResourcesBuildPhase;
			buildActionMask = 2147483647;
			files = (
				79623F4F2B331BA700B8CADA /* Preview Assets.xcassets in Resources */,
				79623F4C2B331BA700B8CADA /* Assets.xcassets in Resources */,
			);
			runOnlyForDeploymentPostprocessing = 0;
		};
		79623F522B331BA700B8CADA /* Resources */ = {
			isa = PBXResourcesBuildPhase;
			buildActionMask = 2147483647;
			files = (
			);
			runOnlyForDeploymentPostprocessing = 0;
		};
		79623F5C2B331BA700B8CADA /* Resources */ = {
			isa = PBXResourcesBuildPhase;
			buildActionMask = 2147483647;
			files = (
			);
			runOnlyForDeploymentPostprocessing = 0;
		};
/* End PBXResourcesBuildPhase section */

/* Begin PBXSourcesBuildPhase section */
		79623F402B331BA600B8CADA /* Sources */ = {
			isa = PBXSourcesBuildPhase;
			buildActionMask = 2147483647;
			files = (
				79623F882B33816100B8CADA /* CarouselView.swift in Sources */,
				79623F862B33589800B8CADA /* PrimaryButton.swift in Sources */,
				79623F752B331BDB00B8CADA /* LaunchScreenStep.swift in Sources */,
				79623F762B331BDB00B8CADA /* SplashView.swift in Sources */,
				79623F822B331DB800B8CADA /* TabView.swift in Sources */,
				79623F742B331BDB00B8CADA /* LaunchScreenStateManager.swift in Sources */,
				79623F7C2B331DAC00B8CADA /* HomeView.swift in Sources */,
				79623F7A2B331D8E00B8CADA /* LoginView.swift in Sources */,
				79623F812B331DB800B8CADA /* Style.swift in Sources */,
				79623F8E2B34D5EB00B8CADA /* HomeScreenViewModel.swift in Sources */,
				79623F8A2B3442E300B8CADA /* Image.swift in Sources */,
				79623F8C2B34BD5E00B8CADA /* GridView.swift in Sources */,
				79623F482B331BA600B8CADA /* LoveKnotApp.swift in Sources */,
			);
			runOnlyForDeploymentPostprocessing = 0;
		};
		79623F502B331BA700B8CADA /* Sources */ = {
			isa = PBXSourcesBuildPhase;
			buildActionMask = 2147483647;
			files = (
				79623F592B331BA700B8CADA /* LoveKnotTests.swift in Sources */,
			);
			runOnlyForDeploymentPostprocessing = 0;
		};
		79623F5A2B331BA700B8CADA /* Sources */ = {
			isa = PBXSourcesBuildPhase;
			buildActionMask = 2147483647;
			files = (
				79623F652B331BA700B8CADA /* LoveKnotUITestsLaunchTests.swift in Sources */,
				79623F632B331BA700B8CADA /* LoveKnotUITests.swift in Sources */,
			);
			runOnlyForDeploymentPostprocessing = 0;
		};
/* End PBXSourcesBuildPhase section */

/* Begin PBXTargetDependency section */
		79623F562B331BA700B8CADA /* PBXTargetDependency */ = {
			isa = PBXTargetDependency;
			target = 79623F432B331BA600B8CADA /* LoveKnot */;
			targetProxy = 79623F552B331BA700B8CADA /* PBXContainerItemProxy */;
		};
		79623F602B331BA700B8CADA /* PBXTargetDependency */ = {
			isa = PBXTargetDependency;
			target = 79623F432B331BA600B8CADA /* LoveKnot */;
			targetProxy = 79623F5F2B331BA700B8CADA /* PBXContainerItemProxy */;
		};
/* End PBXTargetDependency section */

/* Begin XCBuildConfiguration section */
		79623F662B331BA700B8CADA /* Debug */ = {
			isa = XCBuildConfiguration;
			buildSettings = {
				ALWAYS_SEARCH_USER_PATHS = NO;
				CLANG_ANALYZER_NONNULL = YES;
				CLANG_ANALYZER_NUMBER_OBJECT_CONVERSION = YES_AGGRESSIVE;
				CLANG_CXX_LANGUAGE_STANDARD = "gnu++20";
				CLANG_ENABLE_MODULES = YES;
				CLANG_ENABLE_OBJC_ARC = YES;
				CLANG_ENABLE_OBJC_WEAK = YES;
				CLANG_WARN_BLOCK_CAPTURE_AUTORELEASING = YES;
				CLANG_WARN_BOOL_CONVERSION = YES;
				CLANG_WARN_COMMA = YES;
				CLANG_WARN_CONSTANT_CONVERSION = YES;
				CLANG_WARN_DEPRECATED_OBJC_IMPLEMENTATIONS = YES;
				CLANG_WARN_DIRECT_OBJC_ISA_USAGE = YES_ERROR;
				CLANG_WARN_DOCUMENTATION_COMMENTS = YES;
				CLANG_WARN_EMPTY_BODY = YES;
				CLANG_WARN_ENUM_CONVERSION = YES;
				CLANG_WARN_INFINITE_RECURSION = YES;
				CLANG_WARN_INT_CONVERSION = YES;
				CLANG_WARN_NON_LITERAL_NULL_CONVERSION = YES;
				CLANG_WARN_OBJC_IMPLICIT_RETAIN_SELF = YES;
				CLANG_WARN_OBJC_LITERAL_CONVERSION = YES;
				CLANG_WARN_OBJC_ROOT_CLASS = YES_ERROR;
				CLANG_WARN_QUOTED_INCLUDE_IN_FRAMEWORK_HEADER = YES;
				CLANG_WARN_RANGE_LOOP_ANALYSIS = YES;
				CLANG_WARN_STRICT_PROTOTYPES = YES;
				CLANG_WARN_SUSPICIOUS_MOVE = YES;
				CLANG_WARN_UNGUARDED_AVAILABILITY = YES_AGGRESSIVE;
				CLANG_WARN_UNREACHABLE_CODE = YES;
				CLANG_WARN__DUPLICATE_METHOD_MATCH = YES;
				COPY_PHASE_STRIP = NO;
				DEBUG_INFORMATION_FORMAT = dwarf;
				ENABLE_STRICT_OBJC_MSGSEND = YES;
				ENABLE_TESTABILITY = YES;
				GCC_C_LANGUAGE_STANDARD = gnu11;
				GCC_DYNAMIC_NO_PIC = NO;
				GCC_NO_COMMON_BLOCKS = YES;
				GCC_OPTIMIZATION_LEVEL = 0;
				GCC_PREPROCESSOR_DEFINITIONS = (
					"DEBUG=1",
					"$(inherited)",
				);
				GCC_WARN_64_TO_32_BIT_CONVERSION = YES;
				GCC_WARN_ABOUT_RETURN_TYPE = YES_ERROR;
				GCC_WARN_UNDECLARED_SELECTOR = YES;
				GCC_WARN_UNINITIALIZED_AUTOS = YES_AGGRESSIVE;
				GCC_WARN_UNUSED_FUNCTION = YES;
				GCC_WARN_UNUSED_VARIABLE = YES;
				IPHONEOS_DEPLOYMENT_TARGET = 16.4;
				MTL_ENABLE_DEBUG_INFO = INCLUDE_SOURCE;
				MTL_FAST_MATH = YES;
				ONLY_ACTIVE_ARCH = YES;
				SDKROOT = iphoneos;
				SWIFT_ACTIVE_COMPILATION_CONDITIONS = DEBUG;
				SWIFT_OPTIMIZATION_LEVEL = "-Onone";
			};
			name = Debug;
		};
		79623F672B331BA700B8CADA /* Release */ = {
			isa = XCBuildConfiguration;
			buildSettings = {
				ALWAYS_SEARCH_USER_PATHS = NO;
				CLANG_ANALYZER_NONNULL = YES;
				CLANG_ANALYZER_NUMBER_OBJECT_CONVERSION = YES_AGGRESSIVE;
				CLANG_CXX_LANGUAGE_STANDARD = "gnu++20";
				CLANG_ENABLE_MODULES = YES;
				CLANG_ENABLE_OBJC_ARC = YES;
				CLANG_ENABLE_OBJC_WEAK = YES;
				CLANG_WARN_BLOCK_CAPTURE_AUTORELEASING = YES;
				CLANG_WARN_BOOL_CONVERSION = YES;
				CLANG_WARN_COMMA = YES;
				CLANG_WARN_CONSTANT_CONVERSION = YES;
				CLANG_WARN_DEPRECATED_OBJC_IMPLEMENTATIONS = YES;
				CLANG_WARN_DIRECT_OBJC_ISA_USAGE = YES_ERROR;
				CLANG_WARN_DOCUMENTATION_COMMENTS = YES;
				CLANG_WARN_EMPTY_BODY = YES;
				CLANG_WARN_ENUM_CONVERSION = YES;
				CLANG_WARN_INFINITE_RECURSION = YES;
				CLANG_WARN_INT_CONVERSION = YES;
				CLANG_WARN_NON_LITERAL_NULL_CONVERSION = YES;
				CLANG_WARN_OBJC_IMPLICIT_RETAIN_SELF = YES;
				CLANG_WARN_OBJC_LITERAL_CONVERSION = YES;
				CLANG_WARN_OBJC_ROOT_CLASS = YES_ERROR;
				CLANG_WARN_QUOTED_INCLUDE_IN_FRAMEWORK_HEADER = YES;
				CLANG_WARN_RANGE_LOOP_ANALYSIS = YES;
				CLANG_WARN_STRICT_PROTOTYPES = YES;
				CLANG_WARN_SUSPICIOUS_MOVE = YES;
				CLANG_WARN_UNGUARDED_AVAILABILITY = YES_AGGRESSIVE;
				CLANG_WARN_UNREACHABLE_CODE = YES;
				CLANG_WARN__DUPLICATE_METHOD_MATCH = YES;
				COPY_PHASE_STRIP = NO;
				DEBUG_INFORMATION_FORMAT = "dwarf-with-dsym";
				ENABLE_NS_ASSERTIONS = NO;
				ENABLE_STRICT_OBJC_MSGSEND = YES;
				GCC_C_LANGUAGE_STANDARD = gnu11;
				GCC_NO_COMMON_BLOCKS = YES;
				GCC_WARN_64_TO_32_BIT_CONVERSION = YES;
				GCC_WARN_ABOUT_RETURN_TYPE = YES_ERROR;
				GCC_WARN_UNDECLARED_SELECTOR = YES;
				GCC_WARN_UNINITIALIZED_AUTOS = YES_AGGRESSIVE;
				GCC_WARN_UNUSED_FUNCTION = YES;
				GCC_WARN_UNUSED_VARIABLE = YES;
				IPHONEOS_DEPLOYMENT_TARGET = 16.4;
				MTL_ENABLE_DEBUG_INFO = NO;
				MTL_FAST_MATH = YES;
				SDKROOT = iphoneos;
				SWIFT_COMPILATION_MODE = wholemodule;
				SWIFT_OPTIMIZATION_LEVEL = "-O";
				VALIDATE_PRODUCT = YES;
			};
			name = Release;
		};
		79623F692B331BA700B8CADA /* Debug */ = {
			isa = XCBuildConfiguration;
			buildSettings = {
				ASSETCATALOG_COMPILER_APPICON_NAME = AppIcon;
				ASSETCATALOG_COMPILER_GLOBAL_ACCENT_COLOR_NAME = AccentColor;
				CODE_SIGN_STYLE = Automatic;
				CURRENT_PROJECT_VERSION = 1;
				DEVELOPMENT_ASSET_PATHS = "\"LoveKnot/Preview Content\"";
				ENABLE_PREVIEWS = YES;
				GENERATE_INFOPLIST_FILE = YES;
				INFOPLIST_KEY_UIApplicationSceneManifest_Generation = YES;
				INFOPLIST_KEY_UIApplicationSupportsIndirectInputEvents = YES;
				INFOPLIST_KEY_UILaunchScreen_Generation = YES;
				INFOPLIST_KEY_UISupportedInterfaceOrientations_iPad = "UIInterfaceOrientationPortrait UIInterfaceOrientationPortraitUpsideDown UIInterfaceOrientationLandscapeLeft UIInterfaceOrientationLandscapeRight";
				INFOPLIST_KEY_UISupportedInterfaceOrientations_iPhone = "UIInterfaceOrientationPortrait UIInterfaceOrientationLandscapeLeft UIInterfaceOrientationLandscapeRight";
				LD_RUNPATH_SEARCH_PATHS = (
					"$(inherited)",
					"@executable_path/Frameworks",
				);
				MARKETING_VERSION = 1.0;
				PRODUCT_BUNDLE_IDENTIFIER = NS.LoveKnot;
				PRODUCT_NAME = "$(TARGET_NAME)";
				SWIFT_EMIT_LOC_STRINGS = YES;
				SWIFT_VERSION = 5.0;
				TARGETED_DEVICE_FAMILY = "1,2";
			};
			name = Debug;
		};
		79623F6A2B331BA700B8CADA /* Release */ = {
			isa = XCBuildConfiguration;
			buildSettings = {
				ASSETCATALOG_COMPILER_APPICON_NAME = AppIcon;
				ASSETCATALOG_COMPILER_GLOBAL_ACCENT_COLOR_NAME = AccentColor;
				CODE_SIGN_STYLE = Automatic;
				CURRENT_PROJECT_VERSION = 1;
				DEVELOPMENT_ASSET_PATHS = "\"LoveKnot/Preview Content\"";
				ENABLE_PREVIEWS = YES;
				GENERATE_INFOPLIST_FILE = YES;
				INFOPLIST_KEY_UIApplicationSceneManifest_Generation = YES;
				INFOPLIST_KEY_UIApplicationSupportsIndirectInputEvents = YES;
				INFOPLIST_KEY_UILaunchScreen_Generation = YES;
				INFOPLIST_KEY_UISupportedInterfaceOrientations_iPad = "UIInterfaceOrientationPortrait UIInterfaceOrientationPortraitUpsideDown UIInterfaceOrientationLandscapeLeft UIInterfaceOrientationLandscapeRight";
				INFOPLIST_KEY_UISupportedInterfaceOrientations_iPhone = "UIInterfaceOrientationPortrait UIInterfaceOrientationLandscapeLeft UIInterfaceOrientationLandscapeRight";
				LD_RUNPATH_SEARCH_PATHS = (
					"$(inherited)",
					"@executable_path/Frameworks",
				);
				MARKETING_VERSION = 1.0;
				PRODUCT_BUNDLE_IDENTIFIER = NS.LoveKnot;
				PRODUCT_NAME = "$(TARGET_NAME)";
				SWIFT_EMIT_LOC_STRINGS = YES;
				SWIFT_VERSION = 5.0;
				TARGETED_DEVICE_FAMILY = "1,2";
			};
			name = Release;
		};
		79623F6C2B331BA700B8CADA /* Debug */ = {
			isa = XCBuildConfiguration;
			buildSettings = {
				ALWAYS_EMBED_SWIFT_STANDARD_LIBRARIES = YES;
				BUNDLE_LOADER = "$(TEST_HOST)";
				CODE_SIGN_STYLE = Automatic;
				CURRENT_PROJECT_VERSION = 1;
				GENERATE_INFOPLIST_FILE = YES;
				IPHONEOS_DEPLOYMENT_TARGET = 16.4;
				MARKETING_VERSION = 1.0;
				PRODUCT_BUNDLE_IDENTIFIER = NS.LoveKnotTests;
				PRODUCT_NAME = "$(TARGET_NAME)";
				SWIFT_EMIT_LOC_STRINGS = NO;
				SWIFT_VERSION = 5.0;
				TARGETED_DEVICE_FAMILY = "1,2";
				TEST_HOST = "$(BUILT_PRODUCTS_DIR)/LoveKnot.app/$(BUNDLE_EXECUTABLE_FOLDER_PATH)/LoveKnot";
			};
			name = Debug;
		};
		79623F6D2B331BA700B8CADA /* Release */ = {
			isa = XCBuildConfiguration;
			buildSettings = {
				ALWAYS_EMBED_SWIFT_STANDARD_LIBRARIES = YES;
				BUNDLE_LOADER = "$(TEST_HOST)";
				CODE_SIGN_STYLE = Automatic;
				CURRENT_PROJECT_VERSION = 1;
				GENERATE_INFOPLIST_FILE = YES;
				IPHONEOS_DEPLOYMENT_TARGET = 16.4;
				MARKETING_VERSION = 1.0;
				PRODUCT_BUNDLE_IDENTIFIER = NS.LoveKnotTests;
				PRODUCT_NAME = "$(TARGET_NAME)";
				SWIFT_EMIT_LOC_STRINGS = NO;
				SWIFT_VERSION = 5.0;
				TARGETED_DEVICE_FAMILY = "1,2";
				TEST_HOST = "$(BUILT_PRODUCTS_DIR)/LoveKnot.app/$(BUNDLE_EXECUTABLE_FOLDER_PATH)/LoveKnot";
			};
			name = Release;
		};
		79623F6F2B331BA700B8CADA /* Debug */ = {
			isa = XCBuildConfiguration;
			buildSettings = {
				ALWAYS_EMBED_SWIFT_STANDARD_LIBRARIES = YES;
				CODE_SIGN_STYLE = Automatic;
				CURRENT_PROJECT_VERSION = 1;
				GENERATE_INFOPLIST_FILE = YES;
				MARKETING_VERSION = 1.0;
				PRODUCT_BUNDLE_IDENTIFIER = NS.LoveKnotUITests;
				PRODUCT_NAME = "$(TARGET_NAME)";
				SWIFT_EMIT_LOC_STRINGS = NO;
				SWIFT_VERSION = 5.0;
				TARGETED_DEVICE_FAMILY = "1,2";
				TEST_TARGET_NAME = LoveKnot;
			};
			name = Debug;
		};
		79623F702B331BA700B8CADA /* Release */ = {
			isa = XCBuildConfiguration;
			buildSettings = {
				ALWAYS_EMBED_SWIFT_STANDARD_LIBRARIES = YES;
				CODE_SIGN_STYLE = Automatic;
				CURRENT_PROJECT_VERSION = 1;
				GENERATE_INFOPLIST_FILE = YES;
				MARKETING_VERSION = 1.0;
				PRODUCT_BUNDLE_IDENTIFIER = NS.LoveKnotUITests;
				PRODUCT_NAME = "$(TARGET_NAME)";
				SWIFT_EMIT_LOC_STRINGS = NO;
				SWIFT_VERSION = 5.0;
				TARGETED_DEVICE_FAMILY = "1,2";
				TEST_TARGET_NAME = LoveKnot;
			};
			name = Release;
		};
/* End XCBuildConfiguration section */

/* Begin XCConfigurationList section */
		79623F3F2B331BA600B8CADA /* Build configuration list for PBXProject "LoveKnot" */ = {
			isa = XCConfigurationList;
			buildConfigurations = (
				79623F662B331BA700B8CADA /* Debug */,
				79623F672B331BA700B8CADA /* Release */,
			);
			defaultConfigurationIsVisible = 0;
			defaultConfigurationName = Release;
		};
		79623F682B331BA700B8CADA /* Build configuration list for PBXNativeTarget "LoveKnot" */ = {
			isa = XCConfigurationList;
			buildConfigurations = (
				79623F692B331BA700B8CADA /* Debug */,
				79623F6A2B331BA700B8CADA /* Release */,
			);
			defaultConfigurationIsVisible = 0;
			defaultConfigurationName = Release;
		};
		79623F6B2B331BA700B8CADA /* Build configuration list for PBXNativeTarget "LoveKnotTests" */ = {
			isa = XCConfigurationList;
			buildConfigurations = (
				79623F6C2B331BA700B8CADA /* Debug */,
				79623F6D2B331BA700B8CADA /* Release */,
			);
			defaultConfigurationIsVisible = 0;
			defaultConfigurationName = Release;
		};
		79623F6E2B331BA700B8CADA /* Build configuration list for PBXNativeTarget "LoveKnotUITests" */ = {
			isa = XCConfigurationList;
			buildConfigurations = (
				79623F6F2B331BA700B8CADA /* Debug */,
				79623F702B331BA700B8CADA /* Release */,
			);
			defaultConfigurationIsVisible = 0;
			defaultConfigurationName = Release;
		};
/* End XCConfigurationList section */
	};
	rootObject = 79623F3C2B331BA600B8CADA /* Project object */;
}
